{
  "nodes": {
    "fenix": {
      "inputs": {
        "nixpkgs": [
          "nixpkgs"
        ],
        "rust-analyzer-src": "rust-analyzer-src"
      },
      "locked": {
        "lastModified": 1686464419,
        "narHash": "sha256-2hnB1rRENavNQRmroJqRJlAXJxaUxFuNKxWTHtXBUlE=",
        "owner": "nix-community",
        "repo": "fenix",
        "rev": "f7169edb93ce396ff1f0d94620241c6390f49f54",
        "type": "github"
      },
      "original": {
        "owner": "nix-community",
        "repo": "fenix",
        "type": "github"
      }
    },
    "nixpkgs": {
      "locked": {
        "lastModified": 1686392259,
        "narHash": "sha256-hqSS9hKhWldIZr1bBp9xKhIznnGPICGKzuehd2LH0UA=",
        "owner": "NixOS",
        "repo": "nixpkgs",
        "rev": "ef24b2fa0c5f290a35064b847bc211f25cb85c88",
        "type": "github"
      },
      "original": {
        "owner": "NixOS",
        "ref": "nixos-22.11",
        "repo": "nixpkgs",
        "type": "github"
      }
    },
    "root": {
      "inputs": {
        "fenix": "fenix",
        "nixpkgs": "nixpkgs"
      }
    },
    "rust-analyzer-src": {
      "flake": false,
      "locked": {
        "lastModified": 1686406537,
        "narHash": "sha256-dLR+WVwKTwmzCVx0N91BkILXhNPlZ3uuUVg6GFvusME=",
        "owner": "rust-lang",
        "repo": "rust-analyzer",
        "rev": "68bdf609f37a74547d9fbdf28ed22c10f9bcca45",
        "type": "github"
      },
      "original": {
        "owner": "rust-lang",
        "ref": "nightly",
        "repo": "rust-analyzer",
        "type": "github"
      }
    }
  },
  "root": "root",
  "version": 7
}
